
Microsoft Visual Studio Solution File, Format Version 12.00
# Visual Studio Version 17
VisualStudioVersion = 17.13.35825.156 d17.13
MinimumVisualStudioVersion = 10.0.40219.1
Project("{FAE04EC0-301F-11D3-BF4B-00C04F79EFBC}") = "task management", "task management\task management.csproj", "{74A5DE2C-392C-45B9-B275-DB0DC40C5C4A}"
EndProject
Global
	GlobalSection(SolutionConfigurationPlatforms) = preSolution
		Debug|Any CPU = Debug|Any CPU
		Release|Any CPU = Release|Any CPU
	EndGlobalSection
	GlobalSection(ProjectConfigurationPlatforms) = postSolution
		{74A5DE2C-392C-45B9-B275-DB0DC40C5C4A}.Debug|Any CPU.ActiveCfg = Debug|Any CPU
		{74A5DE2C-392C-45B9-B275-DB0DC40C5C4A}.Debug|Any CPU.Build.0 = Debug|Any CPU
		{74A5DE2C-392C-45B9-B275-DB0DC40C5C4A}.Release|Any CPU.ActiveCfg = Release|Any CPU
		{74A5DE2C-392C-45B9-B275-DB0DC40C5C4A}.Release|Any CPU.Build.0 = Release|Any CPU
	EndGlobalSection
	GlobalSection(SolutionProperties) = preSolution
		HideSolutionNode = FALSE
	EndGlobalSection
	GlobalSection(ExtensibilityGlobals) = postSolution
		SolutionGuid = {9CBA8BA6-BDBA-4662-A087-8B98E43F3F8D}
	EndGlobalSection
EndGlobal
